
Microsoft Visual Studio Solution File, Format Version 12.00
# Visual Studio Version 17
VisualStudioVersion = 17.8.34330.188
MinimumVisualStudioVersion = 10.0.40219.1
Project("{FAE04EC0-301F-11D3-BF4B-00C04F79EFBC}") = "Prog_L9_Notes_Week_7", "Prog_L9_Notes_Week_7.csproj", "{0E48C0B8-6647-4F36-A247-5F6F8EE97165}"
EndProject
Global
	GlobalSection(SolutionConfigurationPlatforms) = preSolution
		Debug|Any CPU = Debug|Any CPU
		Release|Any CPU = Release|Any CPU
	EndGlobalSection
	GlobalSection(ProjectConfigurationPlatforms) = postSolution
		{0E48C0B8-6647-4F36-A247-5F6F8EE97165}.Debug|Any CPU.ActiveCfg = Debug|Any CPU
		{0E48C0B8-6647-4F36-A247-5F6F8EE97165}.Debug|Any CPU.Build.0 = Debug|Any CPU
		{0E48C0B8-6647-4F36-A247-5F6F8EE97165}.Release|Any CPU.ActiveCfg = Release|Any CPU
		{0E48C0B8-6647-4F36-A247-5F6F8EE97165}.Release|Any CPU.Build.0 = Release|Any CPU
	EndGlobalSection
	GlobalSection(SolutionProperties) = preSolution
		HideSolutionNode = FALSE
	EndGlobalSection
	GlobalSection(ExtensibilityGlobals) = postSolution
		SolutionGuid = {9CD09C3B-B814-4020-8B7E-69BAA03341C1}
	EndGlobalSection
EndGlobal
